
Microsoft Visual Studio Solution File, Format Version 12.00
# Visual Studio Version 17
VisualStudioVersion = 17.11.35208.52
MinimumVisualStudioVersion = 10.0.40219.1
Project("{8BC9CEB8-8B4A-11D0-8D11-00A0C91BC942}") = "OrderBookAggregator", "OrderBookAggregator.vcxproj", "{B326AA11-0C0E-4B81-9A96-688134906258}"
EndProject
Global
	GlobalSection(SolutionConfigurationPlatforms) = preSolution
		Debug|x64 = Debug|x64
		Debug|x86 = Debug|x86
		Release|x64 = Release|x64
		Release|x86 = Release|x86
	EndGlobalSection
	GlobalSection(ProjectConfigurationPlatforms) = postSolution
		{B326AA11-0C0E-4B81-9A96-688134906258}.Debug|x64.ActiveCfg = Debug|x64
		{B326AA11-0C0E-4B81-9A96-688134906258}.Debug|x64.Build.0 = Debug|x64
		{B326AA11-0C0E-4B81-9A96-688134906258}.Debug|x86.ActiveCfg = Debug|Win32
		{B326AA11-0C0E-4B81-9A96-688134906258}.Debug|x86.Build.0 = Debug|Win32
		{B326AA11-0C0E-4B81-9A96-688134906258}.Release|x64.ActiveCfg = Release|x64
		{B326AA11-0C0E-4B81-9A96-688134906258}.Release|x64.Build.0 = Release|x64
		{B326AA11-0C0E-4B81-9A96-688134906258}.Release|x86.ActiveCfg = Release|Win32
		{B326AA11-0C0E-4B81-9A96-688134906258}.Release|x86.Build.0 = Release|Win32
	EndGlobalSection
	GlobalSection(SolutionProperties) = preSolution
		HideSolutionNode = FALSE
	EndGlobalSection
	GlobalSection(ExtensibilityGlobals) = postSolution
		SolutionGuid = {CD5F3A0B-AE5C-4CCB-8E21-AC58D83893FD}
	EndGlobalSection
EndGlobal
